
Microsoft Visual Studio Solution File, Format Version 12.00
# Visual Studio Version 17
VisualStudioVersion = 17.7.34202.233
MinimumVisualStudioVersion = 10.0.40219.1
Project("{FAE04EC0-301F-11D3-BF4B-00C04F79EFBC}") = "Streamup Pluginstall V2a", "Streamup Pluginstall V2a\Streamup Pluginstall V2a.csproj", "{935DF609-D787-4846-B680-FFD3765F709E}"
EndProject
Global
	GlobalSection(SolutionConfigurationPlatforms) = preSolution
		Debug|Any CPU = Debug|Any CPU
		Release|Any CPU = Release|Any CPU
	EndGlobalSection
	GlobalSection(ProjectConfigurationPlatforms) = postSolution
		{935DF609-D787-4846-B680-FFD3765F709E}.Debug|Any CPU.ActiveCfg = Debug|Any CPU
		{935DF609-D787-4846-B680-FFD3765F709E}.Debug|Any CPU.Build.0 = Debug|Any CPU
		{935DF609-D787-4846-B680-FFD3765F709E}.Release|Any CPU.ActiveCfg = Release|Any CPU
		{935DF609-D787-4846-B680-FFD3765F709E}.Release|Any CPU.Build.0 = Release|Any CPU
	EndGlobalSection
	GlobalSection(SolutionProperties) = preSolution
		HideSolutionNode = FALSE
	EndGlobalSection
	GlobalSection(ExtensibilityGlobals) = postSolution
		SolutionGuid = {D9D0A00A-F687-4874-9E04-EC14BFBB0EE6}
	EndGlobalSection
EndGlobal
